
Microsoft Visual Studio Solution File, Format Version 12.00
# Visual Studio Version 16
VisualStudioVersion = 16.0.29709.97
MinimumVisualStudioVersion = 10.0.40219.1
Project("{FAE04EC0-301F-11D3-BF4B-00C04F79EFBC}") = "Web", "Web\Web.csproj", "{DCE3DDB2-5584-4014-AEEC-4991A358DE8A}"
EndProject
Project("{2150E333-8FDC-42A3-9474-1A3956D46DE8}") = "Services", "Services", "{E2FFDA39-A41A-4AE3-AFCC-22FC8D559C62}"
EndProject
Project("{FAE04EC0-301F-11D3-BF4B-00C04F79EFBC}") = "HelloWorld", "Services\HelloWorld\HelloWorld.csproj", "{D147513A-06F5-46B2-AFBC-9FB151939B6A}"
EndProject
Project("{9092AA53-FB77-4645-B42D-1CCCA6BD08BD}") = "HelloNode", "Services\HelloNode\HelloNode.njsproj", "{E1797CD3-19B3-40A9-99AB-5BAAA7B261E1}"
EndProject
Project("{E53339B2-1760-4266-BCC7-CA923CBCF16C}") = "docker-compose", "docker-compose.dcproj", "{8477CE17-6E5D-4B39-ADF1-10E7EBF889C9}"
EndProject
Global
	GlobalSection(SolutionConfigurationPlatforms) = preSolution
		Debug|Any CPU = Debug|Any CPU
		Release|Any CPU = Release|Any CPU
	EndGlobalSection
	GlobalSection(ProjectConfigurationPlatforms) = postSolution
		{DCE3DDB2-5584-4014-AEEC-4991A358DE8A}.Debug|Any CPU.ActiveCfg = Debug|Any CPU
		{DCE3DDB2-5584-4014-AEEC-4991A358DE8A}.Debug|Any CPU.Build.0 = Debug|Any CPU
		{DCE3DDB2-5584-4014-AEEC-4991A358DE8A}.Release|Any CPU.ActiveCfg = Release|Any CPU
		{DCE3DDB2-5584-4014-AEEC-4991A358DE8A}.Release|Any CPU.Build.0 = Release|Any CPU
		{D147513A-06F5-46B2-AFBC-9FB151939B6A}.Debug|Any CPU.ActiveCfg = Debug|Any CPU
		{D147513A-06F5-46B2-AFBC-9FB151939B6A}.Debug|Any CPU.Build.0 = Debug|Any CPU
		{D147513A-06F5-46B2-AFBC-9FB151939B6A}.Release|Any CPU.ActiveCfg = Release|Any CPU
		{D147513A-06F5-46B2-AFBC-9FB151939B6A}.Release|Any CPU.Build.0 = Release|Any CPU
		{E1797CD3-19B3-40A9-99AB-5BAAA7B261E1}.Debug|Any CPU.ActiveCfg = Debug|Any CPU
		{E1797CD3-19B3-40A9-99AB-5BAAA7B261E1}.Debug|Any CPU.Build.0 = Debug|Any CPU
		{E1797CD3-19B3-40A9-99AB-5BAAA7B261E1}.Release|Any CPU.ActiveCfg = Release|Any CPU
		{E1797CD3-19B3-40A9-99AB-5BAAA7B261E1}.Release|Any CPU.Build.0 = Release|Any CPU
		{8477CE17-6E5D-4B39-ADF1-10E7EBF889C9}.Debug|Any CPU.ActiveCfg = Debug|Any CPU
		{8477CE17-6E5D-4B39-ADF1-10E7EBF889C9}.Debug|Any CPU.Build.0 = Debug|Any CPU
		{8477CE17-6E5D-4B39-ADF1-10E7EBF889C9}.Release|Any CPU.ActiveCfg = Release|Any CPU
		{8477CE17-6E5D-4B39-ADF1-10E7EBF889C9}.Release|Any CPU.Build.0 = Release|Any CPU
	EndGlobalSection
	GlobalSection(SolutionProperties) = preSolution
		HideSolutionNode = FALSE
	EndGlobalSection
	GlobalSection(NestedProjects) = preSolution
		{D147513A-06F5-46B2-AFBC-9FB151939B6A} = {E2FFDA39-A41A-4AE3-AFCC-22FC8D559C62}
		{E1797CD3-19B3-40A9-99AB-5BAAA7B261E1} = {E2FFDA39-A41A-4AE3-AFCC-22FC8D559C62}
	EndGlobalSection
	GlobalSection(ExtensibilityGlobals) = postSolution
		SolutionGuid = {02309204-34FB-480B-A153-34DA5B54D199}
	EndGlobalSection
EndGlobal
